
Microsoft Visual Studio Solution File, Format Version 12.00
# Visual Studio Version 17
VisualStudioVersion = 17.12.35707.178 d17.12
MinimumVisualStudioVersion = 10.0.40219.1
Project("{FAE04EC0-301F-11D3-BF4B-00C04F79EFBC}") = "MiniBank.Service", "MiniBank.Service\MiniBank.Service.csproj", "{DD2180CA-551F-4DA6-A759-7587452938F5}"
EndProject
Project("{FAE04EC0-301F-11D3-BF4B-00C04F79EFBC}") = "MiniBank.Models", "MiniBank.Models\MiniBank.Models.csproj", "{F61045E2-E8DD-465B-82EC-6206770B6542}"
EndProject
Project("{FAE04EC0-301F-11D3-BF4B-00C04F79EFBC}") = "MiniBank.Tests", "MiniBank.Tests\MiniBank.Tests.csproj", "{CC9D0DCA-5CB9-4C80-83CF-E1C6788B4CF9}"
EndProject
Global
	GlobalSection(SolutionConfigurationPlatforms) = preSolution
		Debug|Any CPU = Debug|Any CPU
		Release|Any CPU = Release|Any CPU
	EndGlobalSection
	GlobalSection(ProjectConfigurationPlatforms) = postSolution
		{DD2180CA-551F-4DA6-A759-7587452938F5}.Debug|Any CPU.ActiveCfg = Debug|Any CPU
		{DD2180CA-551F-4DA6-A759-7587452938F5}.Debug|Any CPU.Build.0 = Debug|Any CPU
		{DD2180CA-551F-4DA6-A759-7587452938F5}.Release|Any CPU.ActiveCfg = Release|Any CPU
		{DD2180CA-551F-4DA6-A759-7587452938F5}.Release|Any CPU.Build.0 = Release|Any CPU
		{F61045E2-E8DD-465B-82EC-6206770B6542}.Debug|Any CPU.ActiveCfg = Debug|Any CPU
		{F61045E2-E8DD-465B-82EC-6206770B6542}.Debug|Any CPU.Build.0 = Debug|Any CPU
		{F61045E2-E8DD-465B-82EC-6206770B6542}.Release|Any CPU.ActiveCfg = Release|Any CPU
		{F61045E2-E8DD-465B-82EC-6206770B6542}.Release|Any CPU.Build.0 = Release|Any CPU
		{CC9D0DCA-5CB9-4C80-83CF-E1C6788B4CF9}.Debug|Any CPU.ActiveCfg = Debug|Any CPU
		{CC9D0DCA-5CB9-4C80-83CF-E1C6788B4CF9}.Debug|Any CPU.Build.0 = Debug|Any CPU
		{CC9D0DCA-5CB9-4C80-83CF-E1C6788B4CF9}.Release|Any CPU.ActiveCfg = Release|Any CPU
		{CC9D0DCA-5CB9-4C80-83CF-E1C6788B4CF9}.Release|Any CPU.Build.0 = Release|Any CPU
	EndGlobalSection
	GlobalSection(SolutionProperties) = preSolution
		HideSolutionNode = FALSE
	EndGlobalSection
EndGlobal
